
Microsoft Visual Studio Solution File, Format Version 12.00
# Visual Studio Version 17
VisualStudioVersion = 17.2.32630.192
MinimumVisualStudioVersion = 10.0.40219.1
Project("{FAE04EC0-301F-11D3-BF4B-00C04F79EFBC}") = "MSC.Ac.KataAnagrams.Client", "MSC.Ac.Kata.Anagrams\MSC.Ac.KataAnagrams.Client.csproj", "{D30BECB2-BCA3-4FD5-9BFB-86F45DC6DBE3}"
EndProject
Project("{FAE04EC0-301F-11D3-BF4B-00C04F79EFBC}") = "MSC.Ac.KataAnagrams.Core", "MSC.Ac.KataAnagrams.Core\MSC.Ac.KataAnagrams.Core.csproj", "{FA870112-3D14-4919-87C9-88E04BADBDC1}"
EndProject
Global
	GlobalSection(SolutionConfigurationPlatforms) = preSolution
		Debug|Any CPU = Debug|Any CPU
		Release|Any CPU = Release|Any CPU
	EndGlobalSection
	GlobalSection(ProjectConfigurationPlatforms) = postSolution
		{D30BECB2-BCA3-4FD5-9BFB-86F45DC6DBE3}.Debug|Any CPU.ActiveCfg = Debug|Any CPU
		{D30BECB2-BCA3-4FD5-9BFB-86F45DC6DBE3}.Debug|Any CPU.Build.0 = Debug|Any CPU
		{D30BECB2-BCA3-4FD5-9BFB-86F45DC6DBE3}.Release|Any CPU.ActiveCfg = Release|Any CPU
		{D30BECB2-BCA3-4FD5-9BFB-86F45DC6DBE3}.Release|Any CPU.Build.0 = Release|Any CPU
		{FA870112-3D14-4919-87C9-88E04BADBDC1}.Debug|Any CPU.ActiveCfg = Debug|Any CPU
		{FA870112-3D14-4919-87C9-88E04BADBDC1}.Debug|Any CPU.Build.0 = Debug|Any CPU
		{FA870112-3D14-4919-87C9-88E04BADBDC1}.Release|Any CPU.ActiveCfg = Release|Any CPU
		{FA870112-3D14-4919-87C9-88E04BADBDC1}.Release|Any CPU.Build.0 = Release|Any CPU
	EndGlobalSection
	GlobalSection(SolutionProperties) = preSolution
		HideSolutionNode = FALSE
	EndGlobalSection
	GlobalSection(ExtensibilityGlobals) = postSolution
		SolutionGuid = {C2F6A459-C496-4E07-8830-47B66007E3D1}
	EndGlobalSection
EndGlobal
